// !$*UTF8*$!
{
	archiveVersion = 1;
	classes = {
	};
	objectVersion = 56;
	objects = {

/* Begin PBXBuildFile section */
		2162752729065F6E00F063D2 /* AppDelegate.swift in Sources */ = {isa = PBXBuildFile; fileRef = 2162752629065F6E00F063D2 /* AppDelegate.swift */; };
		2162752929065F6E00F063D2 /* SceneDelegate.swift in Sources */ = {isa = PBXBuildFile; fileRef = 2162752829065F6E00F063D2 /* SceneDelegate.swift */; };
		2162752B29065F6E00F063D2 /* ViewController.swift in Sources */ = {isa = PBXBuildFile; fileRef = 2162752A29065F6E00F063D2 /* ViewController.swift */; };
		2162752E29065F6E00F063D2 /* Main.storyboard in Resources */ = {isa = PBXBuildFile; fileRef = 2162752C29065F6E00F063D2 /* Main.storyboard */; };
		2162753129065F6E00F063D2 /* mobileComputing_project__emily_wang_.xcdatamodeld in Sources */ = {isa = PBXBuildFile; fileRef = 2162752F29065F6E00F063D2 /* mobileComputing_project__emily_wang_.xcdatamodeld */; };
		2162753329065F6F00F063D2 /* Assets.xcassets in Resources */ = {isa = PBXBuildFile; fileRef = 2162753229065F6F00F063D2 /* Assets.xcassets */; };
		2162753629065F6F00F063D2 /* LaunchScreen.storyboard in Resources */ = {isa = PBXBuildFile; fileRef = 2162753429065F6F00F063D2 /* LaunchScreen.storyboard */; };
/* End PBXBuildFile section */

/* Begin PBXFileReference section */
		2162752329065F6E00F063D2 /* mobileComputing project (emily-wang).app */ = {isa = PBXFileReference; explicitFileType = wrapper.application; includeInIndex = 0; path = "mobileComputing project (emily-wang).app"; sourceTree = BUILT_PRODUCTS_DIR; };
		2162752629065F6E00F063D2 /* AppDelegate.swift */ = {isa = PBXFileReference; lastKnownFileType = sourcecode.swift; path = AppDelegate.swift; sourceTree = "<group>"; };
		2162752829065F6E00F063D2 /* SceneDelegate.swift */ = {isa = PBXFileReference; lastKnownFileType = sourcecode.swift; path = SceneDelegate.swift; sourceTree = "<group>"; };
		2162752A29065F6E00F063D2 /* ViewController.swift */ = {isa = PBXFileReference; lastKnownFileType = sourcecode.swift; path = ViewController.swift; sourceTree = "<group>"; };
		2162752D29065F6E00F063D2 /* Base */ = {isa = PBXFileReference; lastKnownFileType = file.storyboard; name = Base; path = Base.lproj/Main.storyboard; sourceTree = "<group>"; };
		2162753029065F6E00F063D2 /* mobileComputing_project__emily_wang_.xcdatamodel */ = {isa = PBXFileReference; lastKnownFileType = wrapper.xcdatamodel; path = mobileComputing_project__emily_wang_.xcdatamodel; sourceTree = "<group>"; };
		2162753229065F6F00F063D2 /* Assets.xcassets */ = {isa = PBXFileReference; lastKnownFileType = folder.assetcatalog; path = Assets.xcassets; sourceTree = "<group>"; };
		2162753529065F6F00F063D2 /* Base */ = {isa = PBXFileReference; lastKnownFileType = file.storyboard; name = Base; path = Base.lproj/LaunchScreen.storyboard; sourceTree = "<group>"; };
		2162753729065F6F00F063D2 /* Info.plist */ = {isa = PBXFileReference; lastKnownFileType = text.plist.xml; path = Info.plist; sourceTree = "<group>"; };
/* End PBXFileReference section */

/* Begin PBXFrameworksBuildPhase section */
		2162752029065F6E00F063D2 /* Frameworks */ = {
			isa = PBXFrameworksBuildPhase;
			buildActionMask = 2147483647;
			files = (
			);
			runOnlyForDeploymentPostprocessing = 0;
		};
/* End PBXFrameworksBuildPhase section */

/* Begin PBXGroup section */
		2162751A29065F6E00F063D2 = {
			isa = PBXGroup;
			children = (
				2162752529065F6E00F063D2 /* mobileComputing project (emily-wang) */,
				2162752429065F6E00F063D2 /* Products */,
			);
			sourceTree = "<group>";
		};
		2162752429065F6E00F063D2 /* Products */ = {
			isa = PBXGroup;
			children = (
				2162752329065F6E00F063D2 /* mobileComputing project (emily-wang).app */,
			);
			name = Products;
			sourceTree = "<group>";
		};
		2162752529065F6E00F063D2 /* mobileComputing project (emily-wang) */ = {
			isa = PBXGroup;
			children = (
				2162752629065F6E00F063D2 /* AppDelegate.swift */,
				2162752829065F6E00F063D2 /* SceneDelegate.swift */,
				2162752A29065F6E00F063D2 /* ViewController.swift */,
				2162752C29065F6E00F063D2 /* Main.storyboard */,
				2162753229065F6F00F063D2 /* Assets.xcassets */,
				2162753429065F6F00F063D2 /* LaunchScreen.storyboard */,
				2162753729065F6F00F063D2 /* Info.plist */,
				2162752F29065F6E00F063D2 /* mobileComputing_project__emily_wang_.xcdatamodeld */,
			);
			path = "mobileComputing project (emily-wang)";
			sourceTree = "<group>";
		};
/* End PBXGroup section */

/* Begin PBXNativeTarget section */
		2162752229065F6E00F063D2 /* mobileComputing project (emily-wang) */ = {
			isa = PBXNativeTarget;
			buildConfigurationList = 2162753A29065F6F00F063D2 /* Build configuration list for PBXNativeTarget "mobileComputing project (emily-wang)" */;
			buildPhases = (
				2162751F29065F6E00F063D2 /* Sources */,
				2162752029065F6E00F063D2 /* Frameworks */,
				2162752129065F6E00F063D2 /* Resources */,
			);
			buildRules = (
			);
			dependencies = (
			);
			name = "mobileComputing project (emily-wang)";
			productName = "mobileComputing project (emily-wang)";
			productReference = 2162752329065F6E00F063D2 /* mobileComputing project (emily-wang).app */;
			productType = "com.apple.product-type.application";
		};
/* End PBXNativeTarget section */

/* Begin PBXProject section */
		2162751B29065F6E00F063D2 /* Project object */ = {
			isa = PBXProject;
			attributes = {
				BuildIndependentTargetsInParallel = 1;
				LastSwiftUpdateCheck = 1400;
				LastUpgradeCheck = 1400;
				TargetAttributes = {
					2162752229065F6E00F063D2 = {
						CreatedOnToolsVersion = 14.0.1;
					};
				};
			};
			buildConfigurationList = 2162751E29065F6E00F063D2 /* Build configuration list for PBXProject "mobileComputing project (emily-wang)" */;
			compatibilityVersion = "Xcode 14.0";
			developmentRegion = en;
			hasScannedForEncodings = 0;
			knownRegions = (
				en,
				Base,
			);
			mainGroup = 2162751A29065F6E00F063D2;
			productRefGroup = 2162752429065F6E00F063D2 /* Products */;
			projectDirPath = "";
			projectRoot = "";
			targets = (
				2162752229065F6E00F063D2 /* mobileComputing project (emily-wang) */,
			);
		};
/* End PBXProject section */

/* Begin PBXResourcesBuildPhase section */
		2162752129065F6E00F063D2 /* Resources */ = {
			isa = PBXResourcesBuildPhase;
			buildActionMask = 2147483647;
			files = (
				2162753629065F6F00F063D2 /* LaunchScreen.storyboard in Resources */,
				2162753329065F6F00F063D2 /* Assets.xcassets in Resources */,
				2162752E29065F6E00F063D2 /* Main.storyboard in Resources */,
			);
			runOnlyForDeploymentPostprocessing = 0;
		};
/* End PBXResourcesBuildPhase section */

/* Begin PBXSourcesBuildPhase section */
		2162751F29065F6E00F063D2 /* Sources */ = {
			isa = PBXSourcesBuildPhase;
			buildActionMask = 2147483647;
			files = (
				2162752B29065F6E00F063D2 /* ViewController.swift in Sources */,
				2162752729065F6E00F063D2 /* AppDelegate.swift in Sources */,
				2162753129065F6E00F063D2 /* mobileComputing_project__emily_wang_.xcdatamodeld in Sources */,
				2162752929065F6E00F063D2 /* SceneDelegate.swift in Sources */,
			);
			runOnlyForDeploymentPostprocessing = 0;
		};
/* End PBXSourcesBuildPhase section */

/* Begin PBXVariantGroup section */
		2162752C29065F6E00F063D2 /* Main.storyboard */ = {
			isa = PBXVariantGroup;
			children = (
				2162752D29065F6E00F063D2 /* Base */,
			);
			name = Main.storyboard;
			sourceTree = "<group>";
		};
		2162753429065F6F00F063D2 /* LaunchScreen.storyboard */ = {
			isa = PBXVariantGroup;
			children = (
				2162753529065F6F00F063D2 /* Base */,
			);
			name = LaunchScreen.storyboard;
			sourceTree = "<group>";
		};
/* End PBXVariantGroup section */

/* Begin XCBuildConfiguration section */
		2162753829065F6F00F063D2 /* Debug */ = {
			isa = XCBuildConfiguration;
			buildSettings = {
				ALWAYS_SEARCH_USER_PATHS = NO;
				CLANG_ANALYZER_NONNULL = YES;
				CLANG_ANALYZER_NUMBER_OBJECT_CONVERSION = YES_AGGRESSIVE;
				CLANG_CXX_LANGUAGE_STANDARD = "gnu++20";
				CLANG_ENABLE_MODULES = YES;
				CLANG_ENABLE_OBJC_ARC = YES;
				CLANG_ENABLE_OBJC_WEAK = YES;
				CLANG_WARN_BLOCK_CAPTURE_AUTORELEASING = YES;
				CLANG_WARN_BOOL_CONVERSION = YES;
				CLANG_WARN_COMMA = YES;
				CLANG_WARN_CONSTANT_CONVERSION = YES;
				CLANG_WARN_DEPRECATED_OBJC_IMPLEMENTATIONS = YES;
				CLANG_WARN_DIRECT_OBJC_ISA_USAGE = YES_ERROR;
				CLANG_WARN_DOCUMENTATION_COMMENTS = YES;
				CLANG_WARN_EMPTY_BODY = YES;
				CLANG_WARN_ENUM_CONVERSION = YES;
				CLANG_WARN_INFINITE_RECURSION = YES;
				CLANG_WARN_INT_CONVERSION = YES;
				CLANG_WARN_NON_LITERAL_NULL_CONVERSION = YES;
				CLANG_WARN_OBJC_IMPLICIT_RETAIN_SELF = YES;
				CLANG_WARN_OBJC_LITERAL_CONVERSION = YES;
				CLANG_WARN_OBJC_ROOT_CLASS = YES_ERROR;
				CLANG_WARN_QUOTED_INCLUDE_IN_FRAMEWORK_HEADER = YES;
				CLANG_WARN_RANGE_LOOP_ANALYSIS = YES;
				CLANG_WARN_STRICT_PROTOTYPES = YES;
				CLANG_WARN_SUSPICIOUS_MOVE = YES;
				CLANG_WARN_UNGUARDED_AVAILABILITY = YES_AGGRESSIVE;
				CLANG_WARN_UNREACHABLE_CODE = YES;
				CLANG_WARN__DUPLICATE_METHOD_MATCH = YES;
				COPY_PHASE_STRIP = NO;
				DEBUG_INFORMATION_FORMAT = dwarf;
				ENABLE_STRICT_OBJC_MSGSEND = YES;
				ENABLE_TESTABILITY = YES;
				GCC_C_LANGUAGE_STANDARD = gnu11;
				GCC_DYNAMIC_NO_PIC = NO;
				GCC_NO_COMMON_BLOCKS = YES;
				GCC_OPTIMIZATION_LEVEL = 0;
				GCC_PREPROCESSOR_DEFINITIONS = (
					"DEBUG=1",
					"$(inherited)",
				);
				GCC_WARN_64_TO_32_BIT_CONVERSION = YES;
				GCC_WARN_ABOUT_RETURN_TYPE = YES_ERROR;
				GCC_WARN_UNDECLARED_SELECTOR = YES;
				GCC_WARN_UNINITIALIZED_AUTOS = YES_AGGRESSIVE;
				GCC_WARN_UNUSED_FUNCTION = YES;
				GCC_WARN_UNUSED_VARIABLE = YES;
				IPHONEOS_DEPLOYMENT_TARGET = 16.0;
				MTL_ENABLE_DEBUG_INFO = INCLUDE_SOURCE;
				MTL_FAST_MATH = YES;
				ONLY_ACTIVE_ARCH = YES;
				SDKROOT = iphoneos;
				SWIFT_ACTIVE_COMPILATION_CONDITIONS = DEBUG;
				SWIFT_OPTIMIZATION_LEVEL = "-Onone";
			};
			name = Debug;
		};
		2162753929065F6F00F063D2 /* Release */ = {
			isa = XCBuildConfiguration;
			buildSettings = {
				ALWAYS_SEARCH_USER_PATHS = NO;
				CLANG_ANALYZER_NONNULL = YES;
				CLANG_ANALYZER_NUMBER_OBJECT_CONVERSION = YES_AGGRESSIVE;
				CLANG_CXX_LANGUAGE_STANDARD = "gnu++20";
				CLANG_ENABLE_MODULES = YES;
				CLANG_ENABLE_OBJC_ARC = YES;
				CLANG_ENABLE_OBJC_WEAK = YES;
				CLANG_WARN_BLOCK_CAPTURE_AUTORELEASING = YES;
				CLANG_WARN_BOOL_CONVERSION = YES;
				CLANG_WARN_COMMA = YES;
				CLANG_WARN_CONSTANT_CONVERSION = YES;
				CLANG_WARN_DEPRECATED_OBJC_IMPLEMENTATIONS = YES;
				CLANG_WARN_DIRECT_OBJC_ISA_USAGE = YES_ERROR;
				CLANG_WARN_DOCUMENTATION_COMMENTS = YES;
				CLANG_WARN_EMPTY_BODY = YES;
				CLANG_WARN_ENUM_CONVERSION = YES;
				CLANG_WARN_INFINITE_RECURSION = YES;
				CLANG_WARN_INT_CONVERSION = YES;
				CLANG_WARN_NON_LITERAL_NULL_CONVERSION = YES;
				CLANG_WARN_OBJC_IMPLICIT_RETAIN_SELF = YES;
				CLANG_WARN_OBJC_LITERAL_CONVERSION = YES;
				CLANG_WARN_OBJC_ROOT_CLASS = YES_ERROR;
				CLANG_WARN_QUOTED_INCLUDE_IN_FRAMEWORK_HEADER = YES;
				CLANG_WARN_RANGE_LOOP_ANALYSIS = YES;
				CLANG_WARN_STRICT_PROTOTYPES = YES;
				CLANG_WARN_SUSPICIOUS_MOVE = YES;
				CLANG_WARN_UNGUARDED_AVAILABILITY = YES_AGGRESSIVE;
				CLANG_WARN_UNREACHABLE_CODE = YES;
				CLANG_WARN__DUPLICATE_METHOD_MATCH = YES;
				COPY_PHASE_STRIP = NO;
				DEBUG_INFORMATION_FORMAT = "dwarf-with-dsym";
				ENABLE_NS_ASSERTIONS = NO;
				ENABLE_STRICT_OBJC_MSGSEND = YES;
				GCC_C_LANGUAGE_STANDARD = gnu11;
				GCC_NO_COMMON_BLOCKS = YES;
				GCC_WARN_64_TO_32_BIT_CONVERSION = YES;
				GCC_WARN_ABOUT_RETURN_TYPE = YES_ERROR;
				GCC_WARN_UNDECLARED_SELECTOR = YES;
				GCC_WARN_UNINITIALIZED_AUTOS = YES_AGGRESSIVE;
				GCC_WARN_UNUSED_FUNCTION = YES;
				GCC_WARN_UNUSED_VARIABLE = YES;
				IPHONEOS_DEPLOYMENT_TARGET = 16.0;
				MTL_ENABLE_DEBUG_INFO = NO;
				MTL_FAST_MATH = YES;
				SDKROOT = iphoneos;
				SWIFT_COMPILATION_MODE = wholemodule;
				SWIFT_OPTIMIZATION_LEVEL = "-O";
				VALIDATE_PRODUCT = YES;
			};
			name = Release;
		};
		2162753B29065F6F00F063D2 /* Debug */ = {
			isa = XCBuildConfiguration;
			buildSettings = {
				ASSETCATALOG_COMPILER_APPICON_NAME = AppIcon;
				ASSETCATALOG_COMPILER_GLOBAL_ACCENT_COLOR_NAME = AccentColor;
				CODE_SIGN_STYLE = Automatic;
				CURRENT_PROJECT_VERSION = 1;
				DEVELOPMENT_TEAM = 6VA2S9S93K;
				GENERATE_INFOPLIST_FILE = YES;
				INFOPLIST_FILE = "mobileComputing project (emily-wang)/Info.plist";
				INFOPLIST_KEY_UIApplicationSupportsIndirectInputEvents = YES;
				INFOPLIST_KEY_UILaunchStoryboardName = LaunchScreen;
				INFOPLIST_KEY_UIMainStoryboardFile = Main;
				INFOPLIST_KEY_UISupportedInterfaceOrientations_iPad = "UIInterfaceOrientationPortrait UIInterfaceOrientationPortraitUpsideDown UIInterfaceOrientationLandscapeLeft UIInterfaceOrientationLandscapeRight";
				INFOPLIST_KEY_UISupportedInterfaceOrientations_iPhone = "UIInterfaceOrientationPortrait UIInterfaceOrientationLandscapeLeft UIInterfaceOrientationLandscapeRight";
				LD_RUNPATH_SEARCH_PATHS = (
					"$(inherited)",
					"@executable_path/Frameworks",
				);
				MARKETING_VERSION = 1.0;
				PRODUCT_BUNDLE_IDENTIFIER = "CS329E.mobileComputing-project--emily-wang-";
				PRODUCT_NAME = "$(TARGET_NAME)";
				SWIFT_EMIT_LOC_STRINGS = YES;
				SWIFT_VERSION = 5.0;
				TARGETED_DEVICE_FAMILY = "1,2";
			};
			name = Debug;
		};
		2162753C29065F6F00F063D2 /* Release */ = {
			isa = XCBuildConfiguration;
			buildSettings = {
				ASSETCATALOG_COMPILER_APPICON_NAME = AppIcon;
				ASSETCATALOG_COMPILER_GLOBAL_ACCENT_COLOR_NAME = AccentColor;
				CODE_SIGN_STYLE = Automatic;
				CURRENT_PROJECT_VERSION = 1;
				DEVELOPMENT_TEAM = 6VA2S9S93K;
				GENERATE_INFOPLIST_FILE = YES;
				INFOPLIST_FILE = "mobileComputing project (emily-wang)/Info.plist";
				INFOPLIST_KEY_UIApplicationSupportsIndirectInputEvents = YES;
				INFOPLIST_KEY_UILaunchStoryboardName = LaunchScreen;
				INFOPLIST_KEY_UIMainStoryboardFile = Main;
				INFOPLIST_KEY_UISupportedInterfaceOrientations_iPad = "UIInterfaceOrientationPortrait UIInterfaceOrientationPortraitUpsideDown UIInterfaceOrientationLandscapeLeft UIInterfaceOrientationLandscapeRight";
				INFOPLIST_KEY_UISupportedInterfaceOrientations_iPhone = "UIInterfaceOrientationPortrait UIInterfaceOrientationLandscapeLeft UIInterfaceOrientationLandscapeRight";
				LD_RUNPATH_SEARCH_PATHS = (
					"$(inherited)",
					"@executable_path/Frameworks",
				);
				MARKETING_VERSION = 1.0;
				PRODUCT_BUNDLE_IDENTIFIER = "CS329E.mobileComputing-project--emily-wang-";
				PRODUCT_NAME = "$(TARGET_NAME)";
				SWIFT_EMIT_LOC_STRINGS = YES;
				SWIFT_VERSION = 5.0;
				TARGETED_DEVICE_FAMILY = "1,2";
			};
			name = Release;
		};
/* End XCBuildConfiguration section */

/* Begin XCConfigurationList section */
		2162751E29065F6E00F063D2 /* Build configuration list for PBXProject "mobileComputing project (emily-wang)" */ = {
			isa = XCConfigurationList;
			buildConfigurations = (
				2162753829065F6F00F063D2 /* Debug */,
				2162753929065F6F00F063D2 /* Release */,
			);
			defaultConfigurationIsVisible = 0;
			defaultConfigurationName = Release;
		};
		2162753A29065F6F00F063D2 /* Build configuration list for PBXNativeTarget "mobileComputing project (emily-wang)" */ = {
			isa = XCConfigurationList;
			buildConfigurations = (
				2162753B29065F6F00F063D2 /* Debug */,
				2162753C29065F6F00F063D2 /* Release */,
			);
			defaultConfigurationIsVisible = 0;
			defaultConfigurationName = Release;
		};
/* End XCConfigurationList section */

/* Begin XCVersionGroup section */
		2162752F29065F6E00F063D2 /* mobileComputing_project__emily_wang_.xcdatamodeld */ = {
			isa = XCVersionGroup;
			children = (
				2162753029065F6E00F063D2 /* mobileComputing_project__emily_wang_.xcdatamodel */,
			);
			currentVersion = 2162753029065F6E00F063D2 /* mobileComputing_project__emily_wang_.xcdatamodel */;
			path = mobileComputing_project__emily_wang_.xcdatamodeld;
			sourceTree = "<group>";
			versionGroupType = wrapper.xcdatamodel;
		};
/* End XCVersionGroup section */
	};
	rootObject = 2162751B29065F6E00F063D2 /* Project object */;
}
